// !$*UTF8*$!
{
	archiveVersion = 1;
	classes = {
	};
	objectVersion = 50;
	objects = {

/* Begin PBXBuildFile section */
		4E2F3CE221B3C97200D4BD44 /* AppDelegate.m in Sources */ = {isa = PBXBuildFile; fileRef = 4E2F3CE121B3C97200D4BD44 /* AppDelegate.m */; };
		4E2F3CE521B3C97200D4BD44 /* ViewController.m in Sources */ = {isa = PBXBuildFile; fileRef = 4E2F3CE421B3C97200D4BD44 /* ViewController.m */; };
		4E2F3CE721B3C97300D4BD44 /* Assets.xcassets in Resources */ = {isa = PBXBuildFile; fileRef = 4E2F3CE621B3C97300D4BD44 /* Assets.xcassets */; };
		4E2F3CEA21B3C97300D4BD44 /* Main.storyboard in Resources */ = {isa = PBXBuildFile; fileRef = 4E2F3CE821B3C97300D4BD44 /* Main.storyboard */; };
		4E2F3CED21B3C97300D4BD44 /* main.m in Sources */ = {isa = PBXBuildFile; fileRef = 4E2F3CEC21B3C97300D4BD44 /* main.m */; };
		4E2F3CF621B3CAD300D4BD44 /* PresetTable.m in Sources */ = {isa = PBXBuildFile; fileRef = 4E2F3CF521B3CAD300D4BD44 /* PresetTable.m */; };
		4E2F3CFA21B3CB9E00D4BD44 /* PresetCell.m in Sources */ = {isa = PBXBuildFile; fileRef = 4E2F3CF921B3CB9E00D4BD44 /* PresetCell.m */; };
		4E2F3D0A21B3CD7100D4BD44 /* Geo.m in Sources */ = {isa = PBXBuildFile; fileRef = 4E2F3CFE21B3CD7100D4BD44 /* Geo.m */; };
		4E2F3D0B21B3CD7100D4BD44 /* PlatoPoly.m in Sources */ = {isa = PBXBuildFile; fileRef = 4E2F3D0021B3CD7100D4BD44 /* PlatoPoly.m */; };
		4E2F3D0C21B3CD7100D4BD44 /* VectUtils.c in Sources */ = {isa = PBXBuildFile; fileRef = 4E2F3D0121B3CD7100D4BD44 /* VectUtils.c */; };
		4E2F3D0D21B3CD7100D4BD44 /* SphericalHarmonics.m in Sources */ = {isa = PBXBuildFile; fileRef = 4E2F3D0421B3CD7100D4BD44 /* SphericalHarmonics.m */; };
		4E2F3D0E21B3CD7100D4BD44 /* SCNUtils.m in Sources */ = {isa = PBXBuildFile; fileRef = 4E2F3D0521B3CD7100D4BD44 /* SCNUtils.m */; };
		4E2F3D0F21B3CD7100D4BD44 /* SHCodes.c in Sources */ = {isa = PBXBuildFile; fileRef = 4E2F3D0821B3CD7100D4BD44 /* SHCodes.c */; };
		4E2F3D1021B3CD7100D4BD44 /* Common.m in Sources */ = {isa = PBXBuildFile; fileRef = 4E2F3D0921B3CD7100D4BD44 /* Common.m */; };
		4EEE355C2269C8880050EB29 /* SphericalHarmonics.metal in Sources */ = {isa = PBXBuildFile; fileRef = 4EEE355B2269C8880050EB29 /* SphericalHarmonics.metal */; };
		4EEE355F2269D9060050EB29 /* MetalDevice.mm in Sources */ = {isa = PBXBuildFile; fileRef = 4EEE355E2269D9060050EB29 /* MetalDevice.mm */; };
/* End PBXBuildFile section */

/* Begin PBXFileReference section */
		4E2F3CDD21B3C97200D4BD44 /* SphericalHarmonicalMac.app */ = {isa = PBXFileReference; explicitFileType = wrapper.application; includeInIndex = 0; path = SphericalHarmonicalMac.app; sourceTree = BUILT_PRODUCTS_DIR; };
		4E2F3CE021B3C97200D4BD44 /* AppDelegate.h */ = {isa = PBXFileReference; lastKnownFileType = sourcecode.c.h; path = AppDelegate.h; sourceTree = "<group>"; };
		4E2F3CE121B3C97200D4BD44 /* AppDelegate.m */ = {isa = PBXFileReference; lastKnownFileType = sourcecode.c.objc; path = AppDelegate.m; sourceTree = "<group>"; };
		4E2F3CE321B3C97200D4BD44 /* ViewController.h */ = {isa = PBXFileReference; lastKnownFileType = sourcecode.c.h; path = ViewController.h; sourceTree = "<group>"; };
		4E2F3CE421B3C97200D4BD44 /* ViewController.m */ = {isa = PBXFileReference; lastKnownFileType = sourcecode.c.objc; path = ViewController.m; sourceTree = "<group>"; };
		4E2F3CE621B3C97300D4BD44 /* Assets.xcassets */ = {isa = PBXFileReference; lastKnownFileType = folder.assetcatalog; path = Assets.xcassets; sourceTree = "<group>"; };
		4E2F3CE921B3C97300D4BD44 /* Base */ = {isa = PBXFileReference; lastKnownFileType = file.storyboard; name = Base; path = Base.lproj/Main.storyboard; sourceTree = "<group>"; };
		4E2F3CEB21B3C97300D4BD44 /* Info.plist */ = {isa = PBXFileReference; lastKnownFileType = text.plist.xml; path = Info.plist; sourceTree = "<group>"; };
		4E2F3CEC21B3C97300D4BD44 /* main.m */ = {isa = PBXFileReference; lastKnownFileType = sourcecode.c.objc; path = main.m; sourceTree = "<group>"; };
		4E2F3CEE21B3C97300D4BD44 /* SphericalHarmonicalMac.entitlements */ = {isa = PBXFileReference; lastKnownFileType = text.plist.entitlements; path = SphericalHarmonicalMac.entitlements; sourceTree = "<group>"; };
		4E2F3CF421B3CAD300D4BD44 /* PresetTable.h */ = {isa = PBXFileReference; lastKnownFileType = sourcecode.c.h; path = PresetTable.h; sourceTree = "<group>"; };
		4E2F3CF521B3CAD300D4BD44 /* PresetTable.m */ = {isa = PBXFileReference; lastKnownFileType = sourcecode.c.objc; path = PresetTable.m; sourceTree = "<group>"; };
		4E2F3CF821B3CB9E00D4BD44 /* PresetCell.h */ = {isa = PBXFileReference; lastKnownFileType = sourcecode.c.h; path = PresetCell.h; sourceTree = "<group>"; };
		4E2F3CF921B3CB9E00D4BD44 /* PresetCell.m */ = {isa = PBXFileReference; lastKnownFileType = sourcecode.c.objc; path = PresetCell.m; sourceTree = "<group>"; };
		4E2F3CFB21B3CD7100D4BD44 /* Common.h */ = {isa = PBXFileReference; fileEncoding = 4; lastKnownFileType = sourcecode.c.h; path = Common.h; sourceTree = "<group>"; };
		4E2F3CFD21B3CD7100D4BD44 /* SphericalHarmonics.h */ = {isa = PBXFileReference; fileEncoding = 4; lastKnownFileType = sourcecode.c.h; path = SphericalHarmonics.h; sourceTree = "<group>"; };
		4E2F3CFE21B3CD7100D4BD44 /* Geo.m */ = {isa = PBXFileReference; fileEncoding = 4; lastKnownFileType = sourcecode.c.objc; path = Geo.m; sourceTree = "<group>"; };
		4E2F3CFF21B3CD7100D4BD44 /* SCNUtils.h */ = {isa = PBXFileReference; fileEncoding = 4; lastKnownFileType = sourcecode.c.h; path = SCNUtils.h; sourceTree = "<group>"; };
		4E2F3D0021B3CD7100D4BD44 /* PlatoPoly.m */ = {isa = PBXFileReference; fileEncoding = 4; lastKnownFileType = sourcecode.c.objc; path = PlatoPoly.m; sourceTree = "<group>"; };
		4E2F3D0121B3CD7100D4BD44 /* VectUtils.c */ = {isa = PBXFileReference; fileEncoding = 4; lastKnownFileType = sourcecode.c.c; path = VectUtils.c; sourceTree = "<group>"; };
		4E2F3D0221B3CD7100D4BD44 /* SHCodes.h */ = {isa = PBXFileReference; fileEncoding = 4; lastKnownFileType = sourcecode.c.h; path = SHCodes.h; sourceTree = "<group>"; };
		4E2F3D0321B3CD7100D4BD44 /* Geo.h */ = {isa = PBXFileReference; fileEncoding = 4; lastKnownFileType = sourcecode.c.h; path = Geo.h; sourceTree = "<group>"; };
		4E2F3D0421B3CD7100D4BD44 /* SphericalHarmonics.m */ = {isa = PBXFileReference; fileEncoding = 4; lastKnownFileType = sourcecode.c.objc; path = SphericalHarmonics.m; sourceTree = "<group>"; };
		4E2F3D0521B3CD7100D4BD44 /* SCNUtils.m */ = {isa = PBXFileReference; fileEncoding = 4; lastKnownFileType = sourcecode.c.objc; path = SCNUtils.m; sourceTree = "<group>"; };
		4E2F3D0621B3CD7100D4BD44 /* VectUtils.h */ = {isa = PBXFileReference; fileEncoding = 4; lastKnownFileType = sourcecode.c.h; path = VectUtils.h; sourceTree = "<group>"; };
		4E2F3D0721B3CD7100D4BD44 /* PlatoPoly.h */ = {isa = PBXFileReference; fileEncoding = 4; lastKnownFileType = sourcecode.c.h; path = PlatoPoly.h; sourceTree = "<group>"; };
		4E2F3D0821B3CD7100D4BD44 /* SHCodes.c */ = {isa = PBXFileReference; fileEncoding = 4; lastKnownFileType = sourcecode.c.c; path = SHCodes.c; sourceTree = "<group>"; };
		4E2F3D0921B3CD7100D4BD44 /* Common.m */ = {isa = PBXFileReference; fileEncoding = 4; lastKnownFileType = sourcecode.c.objc; path = Common.m; sourceTree = "<group>"; };
		4EEE355B2269C8880050EB29 /* SphericalHarmonics.metal */ = {isa = PBXFileReference; lastKnownFileType = sourcecode.metal; path = SphericalHarmonics.metal; sourceTree = "<group>"; };
		4EEE355D2269D9060050EB29 /* MetalDevice.h */ = {isa = PBXFileReference; fileEncoding = 4; lastKnownFileType = sourcecode.c.h; path = MetalDevice.h; sourceTree = "<group>"; };
		4EEE355E2269D9060050EB29 /* MetalDevice.mm */ = {isa = PBXFileReference; fileEncoding = 4; lastKnownFileType = sourcecode.cpp.objcpp; path = MetalDevice.mm; sourceTree = "<group>"; };
/* End PBXFileReference section */

/* Begin PBXFrameworksBuildPhase section */
		4E2F3CDA21B3C97200D4BD44 /* Frameworks */ = {
			isa = PBXFrameworksBuildPhase;
			buildActionMask = 2147483647;
			files = (
			);
			runOnlyForDeploymentPostprocessing = 0;
		};
/* End PBXFrameworksBuildPhase section */

/* Begin PBXGroup section */
		4E2F3CD421B3C97200D4BD44 = {
			isa = PBXGroup;
			children = (
				4E2F3CDF21B3C97200D4BD44 /* SphericalHarmonicalMac */,
				4E2F3CDE21B3C97200D4BD44 /* Products */,
			);
			sourceTree = "<group>";
		};
		4E2F3CDE21B3C97200D4BD44 /* Products */ = {
			isa = PBXGroup;
			children = (
				4E2F3CDD21B3C97200D4BD44 /* SphericalHarmonicalMac.app */,
			);
			name = Products;
			sourceTree = "<group>";
		};
		4E2F3CDF21B3C97200D4BD44 /* SphericalHarmonicalMac */ = {
			isa = PBXGroup;
			children = (
				4E2F3CFC21B3CD7100D4BD44 /* vs */,
				4E2F3CF721B3CB7600D4BD44 /* tablePreset */,
				4E2F3CE021B3C97200D4BD44 /* AppDelegate.h */,
				4E2F3CE121B3C97200D4BD44 /* AppDelegate.m */,
				4E2F3CE321B3C97200D4BD44 /* ViewController.h */,
				4E2F3CE421B3C97200D4BD44 /* ViewController.m */,
				4E2F3CFB21B3CD7100D4BD44 /* Common.h */,
				4E2F3D0921B3CD7100D4BD44 /* Common.m */,
				4E2F3CE621B3C97300D4BD44 /* Assets.xcassets */,
				4E2F3CEB21B3C97300D4BD44 /* Info.plist */,
				4E2F3CEC21B3C97300D4BD44 /* main.m */,
				4E2F3CEE21B3C97300D4BD44 /* SphericalHarmonicalMac.entitlements */,
				4E2F3CE821B3C97300D4BD44 /* Main.storyboard */,
			);
			path = SphericalHarmonicalMac;
			sourceTree = "<group>";
		};
		4E2F3CF721B3CB7600D4BD44 /* tablePreset */ = {
			isa = PBXGroup;
			children = (
				4E2F3CF821B3CB9E00D4BD44 /* PresetCell.h */,
				4E2F3CF921B3CB9E00D4BD44 /* PresetCell.m */,
				4E2F3CF421B3CAD300D4BD44 /* PresetTable.h */,
				4E2F3CF521B3CAD300D4BD44 /* PresetTable.m */,
			);
			path = tablePreset;
			sourceTree = "<group>";
		};
		4E2F3CFC21B3CD7100D4BD44 /* vs */ = {
			isa = PBXGroup;
			children = (
				4E2F3CFD21B3CD7100D4BD44 /* SphericalHarmonics.h */,
				4E2F3D0421B3CD7100D4BD44 /* SphericalHarmonics.m */,
				4EEE355B2269C8880050EB29 /* SphericalHarmonics.metal */,
				4E2F3D0321B3CD7100D4BD44 /* Geo.h */,
				4E2F3CFE21B3CD7100D4BD44 /* Geo.m */,
				4E2F3CFF21B3CD7100D4BD44 /* SCNUtils.h */,
				4E2F3D0521B3CD7100D4BD44 /* SCNUtils.m */,
				4E2F3D0721B3CD7100D4BD44 /* PlatoPoly.h */,
				4E2F3D0021B3CD7100D4BD44 /* PlatoPoly.m */,
				4E2F3D0621B3CD7100D4BD44 /* VectUtils.h */,
				4E2F3D0121B3CD7100D4BD44 /* VectUtils.c */,
				4E2F3D0221B3CD7100D4BD44 /* SHCodes.h */,
				4E2F3D0821B3CD7100D4BD44 /* SHCodes.c */,
				4EEE355D2269D9060050EB29 /* MetalDevice.h */,
				4EEE355E2269D9060050EB29 /* MetalDevice.mm */,
			);
			path = vs;
			sourceTree = "<group>";
		};
/* End PBXGroup section */

/* Begin PBXNativeTarget section */
		4E2F3CDC21B3C97200D4BD44 /* SphericalHarmonicalMac */ = {
			isa = PBXNativeTarget;
			buildConfigurationList = 4E2F3CF121B3C97300D4BD44 /* Build configuration list for PBXNativeTarget "SphericalHarmonicalMac" */;
			buildPhases = (
				4E2F3CD921B3C97200D4BD44 /* Sources */,
				4E2F3CDA21B3C97200D4BD44 /* Frameworks */,
				4E2F3CDB21B3C97200D4BD44 /* Resources */,
			);
			buildRules = (
			);
			dependencies = (
			);
			name = SphericalHarmonicalMac;
			productName = SphericalHarmonicalMac;
			productReference = 4E2F3CDD21B3C97200D4BD44 /* SphericalHarmonicalMac.app */;
			productType = "com.apple.product-type.application";
		};
/* End PBXNativeTarget section */

/* Begin PBXProject section */
		4E2F3CD521B3C97200D4BD44 /* Project object */ = {
			isa = PBXProject;
			attributes = {
				LastUpgradeCheck = 1010;
				ORGANIZATIONNAME = voicesync;
				TargetAttributes = {
					4E2F3CDC21B3C97200D4BD44 = {
						CreatedOnToolsVersion = 10.1;
					};
				};
			};
			buildConfigurationList = 4E2F3CD821B3C97200D4BD44 /* Build configuration list for PBXProject "SphericalHarmonicalMac" */;
			compatibilityVersion = "Xcode 9.3";
			developmentRegion = en;
			hasScannedForEncodings = 0;
			knownRegions = (
				en,
				Base,
			);
			mainGroup = 4E2F3CD421B3C97200D4BD44;
			productRefGroup = 4E2F3CDE21B3C97200D4BD44 /* Products */;
			projectDirPath = "";
			projectRoot = "";
			targets = (
				4E2F3CDC21B3C97200D4BD44 /* SphericalHarmonicalMac */,
			);
		};
/* End PBXProject section */

/* Begin PBXResourcesBuildPhase section */
		4E2F3CDB21B3C97200D4BD44 /* Resources */ = {
			isa = PBXResourcesBuildPhase;
			buildActionMask = 2147483647;
			files = (
				4E2F3CE721B3C97300D4BD44 /* Assets.xcassets in Resources */,
				4E2F3CEA21B3C97300D4BD44 /* Main.storyboard in Resources */,
			);
			runOnlyForDeploymentPostprocessing = 0;
		};
/* End PBXResourcesBuildPhase section */

/* Begin PBXSourcesBuildPhase section */
		4E2F3CD921B3C97200D4BD44 /* Sources */ = {
			isa = PBXSourcesBuildPhase;
			buildActionMask = 2147483647;
			files = (
				4E2F3D1021B3CD7100D4BD44 /* Common.m in Sources */,
				4E2F3D0B21B3CD7100D4BD44 /* PlatoPoly.m in Sources */,
				4E2F3CE521B3C97200D4BD44 /* ViewController.m in Sources */,
				4EEE355C2269C8880050EB29 /* SphericalHarmonics.metal in Sources */,
				4E2F3CED21B3C97300D4BD44 /* main.m in Sources */,
				4EEE355F2269D9060050EB29 /* MetalDevice.mm in Sources */,
				4E2F3D0D21B3CD7100D4BD44 /* SphericalHarmonics.m in Sources */,
				4E2F3CFA21B3CB9E00D4BD44 /* PresetCell.m in Sources */,
				4E2F3D0A21B3CD7100D4BD44 /* Geo.m in Sources */,
				4E2F3D0F21B3CD7100D4BD44 /* SHCodes.c in Sources */,
				4E2F3D0E21B3CD7100D4BD44 /* SCNUtils.m in Sources */,
				4E2F3CE221B3C97200D4BD44 /* AppDelegate.m in Sources */,
				4E2F3CF621B3CAD300D4BD44 /* PresetTable.m in Sources */,
				4E2F3D0C21B3CD7100D4BD44 /* VectUtils.c in Sources */,
			);
			runOnlyForDeploymentPostprocessing = 0;
		};
/* End PBXSourcesBuildPhase section */

/* Begin PBXVariantGroup section */
		4E2F3CE821B3C97300D4BD44 /* Main.storyboard */ = {
			isa = PBXVariantGroup;
			children = (
				4E2F3CE921B3C97300D4BD44 /* Base */,
			);
			name = Main.storyboard;
			sourceTree = "<group>";
		};
/* End PBXVariantGroup section */

/* Begin XCBuildConfiguration section */
		4E2F3CEF21B3C97300D4BD44 /* Debug */ = {
			isa = XCBuildConfiguration;
			buildSettings = {
				ALWAYS_SEARCH_USER_PATHS = NO;
				CLANG_ANALYZER_NONNULL = YES;
				CLANG_ANALYZER_NUMBER_OBJECT_CONVERSION = YES_AGGRESSIVE;
				CLANG_CXX_LANGUAGE_STANDARD = "gnu++14";
				CLANG_CXX_LIBRARY = "libc++";
				CLANG_ENABLE_MODULES = YES;
				CLANG_ENABLE_OBJC_ARC = YES;
				CLANG_ENABLE_OBJC_WEAK = YES;
				CLANG_WARN_BLOCK_CAPTURE_AUTORELEASING = YES;
				CLANG_WARN_BOOL_CONVERSION = YES;
				CLANG_WARN_COMMA = YES;
				CLANG_WARN_CONSTANT_CONVERSION = YES;
				CLANG_WARN_DEPRECATED_OBJC_IMPLEMENTATIONS = YES;
				CLANG_WARN_DIRECT_OBJC_ISA_USAGE = YES_ERROR;
				CLANG_WARN_DOCUMENTATION_COMMENTS = YES;
				CLANG_WARN_EMPTY_BODY = YES;
				CLANG_WARN_ENUM_CONVERSION = YES;
				CLANG_WARN_INFINITE_RECURSION = YES;
				CLANG_WARN_INT_CONVERSION = YES;
				CLANG_WARN_NON_LITERAL_NULL_CONVERSION = YES;
				CLANG_WARN_OBJC_IMPLICIT_RETAIN_SELF = YES;
				CLANG_WARN_OBJC_LITERAL_CONVERSION = YES;
				CLANG_WARN_OBJC_ROOT_CLASS = YES_ERROR;
				CLANG_WARN_RANGE_LOOP_ANALYSIS = YES;
				CLANG_WARN_STRICT_PROTOTYPES = YES;
				CLANG_WARN_SUSPICIOUS_MOVE = YES;
				CLANG_WARN_UNGUARDED_AVAILABILITY = YES_AGGRESSIVE;
				CLANG_WARN_UNREACHABLE_CODE = YES;
				CLANG_WARN__DUPLICATE_METHOD_MATCH = YES;
				CODE_SIGN_IDENTITY = "Mac Developer";
				COPY_PHASE_STRIP = NO;
				DEBUG_INFORMATION_FORMAT = dwarf;
				ENABLE_STRICT_OBJC_MSGSEND = YES;
				ENABLE_TESTABILITY = YES;
				GCC_C_LANGUAGE_STANDARD = gnu11;
				GCC_DYNAMIC_NO_PIC = NO;
				GCC_NO_COMMON_BLOCKS = YES;
				GCC_OPTIMIZATION_LEVEL = 0;
				GCC_PREPROCESSOR_DEFINITIONS = (
					"DEBUG=1",
					"$(inherited)",
				);
				GCC_WARN_64_TO_32_BIT_CONVERSION = YES;
				GCC_WARN_ABOUT_RETURN_TYPE = YES_ERROR;
				GCC_WARN_UNDECLARED_SELECTOR = YES;
				GCC_WARN_UNINITIALIZED_AUTOS = YES_AGGRESSIVE;
				GCC_WARN_UNUSED_FUNCTION = YES;
				GCC_WARN_UNUSED_VARIABLE = YES;
				MACOSX_DEPLOYMENT_TARGET = 10.14;
				MTL_ENABLE_DEBUG_INFO = INCLUDE_SOURCE;
				MTL_FAST_MATH = YES;
				ONLY_ACTIVE_ARCH = YES;
				SDKROOT = macosx;
			};
			name = Debug;
		};
		4E2F3CF021B3C97300D4BD44 /* Release */ = {
			isa = XCBuildConfiguration;
			buildSettings = {
				ALWAYS_SEARCH_USER_PATHS = NO;
				CLANG_ANALYZER_NONNULL = YES;
				CLANG_ANALYZER_NUMBER_OBJECT_CONVERSION = YES_AGGRESSIVE;
				CLANG_CXX_LANGUAGE_STANDARD = "gnu++14";
				CLANG_CXX_LIBRARY = "libc++";
				CLANG_ENABLE_MODULES = YES;
				CLANG_ENABLE_OBJC_ARC = YES;
				CLANG_ENABLE_OBJC_WEAK = YES;
				CLANG_WARN_BLOCK_CAPTURE_AUTORELEASING = YES;
				CLANG_WARN_BOOL_CONVERSION = YES;
				CLANG_WARN_COMMA = YES;
				CLANG_WARN_CONSTANT_CONVERSION = YES;
				CLANG_WARN_DEPRECATED_OBJC_IMPLEMENTATIONS = YES;
				CLANG_WARN_DIRECT_OBJC_ISA_USAGE = YES_ERROR;
				CLANG_WARN_DOCUMENTATION_COMMENTS = YES;
				CLANG_WARN_EMPTY_BODY = YES;
				CLANG_WARN_ENUM_CONVERSION = YES;
				CLANG_WARN_INFINITE_RECURSION = YES;
				CLANG_WARN_INT_CONVERSION = YES;
				CLANG_WARN_NON_LITERAL_NULL_CONVERSION = YES;
				CLANG_WARN_OBJC_IMPLICIT_RETAIN_SELF = YES;
				CLANG_WARN_OBJC_LITERAL_CONVERSION = YES;
				CLANG_WARN_OBJC_ROOT_CLASS = YES_ERROR;
				CLANG_WARN_RANGE_LOOP_ANALYSIS = YES;
				CLANG_WARN_STRICT_PROTOTYPES = YES;
				CLANG_WARN_SUSPICIOUS_MOVE = YES;
				CLANG_WARN_UNGUARDED_AVAILABILITY = YES_AGGRESSIVE;
				CLANG_WARN_UNREACHABLE_CODE = YES;
				CLANG_WARN__DUPLICATE_METHOD_MATCH = YES;
				CODE_SIGN_IDENTITY = "Mac Developer";
				COPY_PHASE_STRIP = NO;
				DEBUG_INFORMATION_FORMAT = "dwarf-with-dsym";
				ENABLE_NS_ASSERTIONS = NO;
				ENABLE_STRICT_OBJC_MSGSEND = YES;
				GCC_C_LANGUAGE_STANDARD = gnu11;
				GCC_NO_COMMON_BLOCKS = YES;
				GCC_WARN_64_TO_32_BIT_CONVERSION = YES;
				GCC_WARN_ABOUT_RETURN_TYPE = YES_ERROR;
				GCC_WARN_UNDECLARED_SELECTOR = YES;
				GCC_WARN_UNINITIALIZED_AUTOS = YES_AGGRESSIVE;
				GCC_WARN_UNUSED_FUNCTION = YES;
				GCC_WARN_UNUSED_VARIABLE = YES;
				MACOSX_DEPLOYMENT_TARGET = 10.14;
				MTL_ENABLE_DEBUG_INFO = NO;
				MTL_FAST_MATH = YES;
				SDKROOT = macosx;
			};
			name = Release;
		};
		4E2F3CF221B3C97300D4BD44 /* Debug */ = {
			isa = XCBuildConfiguration;
			buildSettings = {
				ASSETCATALOG_COMPILER_APPICON_NAME = AppIcon;
				CODE_SIGN_ENTITLEMENTS = SphericalHarmonicalMac/SphericalHarmonicalMac.entitlements;
				CODE_SIGN_IDENTITY = "Mac Developer";
				CODE_SIGN_STYLE = Automatic;
				COMBINE_HIDPI_IMAGES = YES;
				DEVELOPMENT_TEAM = ALFNML2A4Q;
				INFOPLIST_FILE = SphericalHarmonicalMac/Info.plist;
				LD_RUNPATH_SEARCH_PATHS = (
					"$(inherited)",
					"@executable_path/../Frameworks",
				);
				PRODUCT_BUNDLE_IDENTIFIER = voicesync.SphericalHarmonicalMac;
				PRODUCT_NAME = "$(TARGET_NAME)";
				PROVISIONING_PROFILE_SPECIFIER = "";
			};
			name = Debug;
		};
		4E2F3CF321B3C97300D4BD44 /* Release */ = {
			isa = XCBuildConfiguration;
			buildSettings = {
				ASSETCATALOG_COMPILER_APPICON_NAME = AppIcon;
				CODE_SIGN_ENTITLEMENTS = SphericalHarmonicalMac/SphericalHarmonicalMac.entitlements;
				CODE_SIGN_IDENTITY = "Mac Developer";
				CODE_SIGN_STYLE = Automatic;
				COMBINE_HIDPI_IMAGES = YES;
				DEVELOPMENT_TEAM = ALFNML2A4Q;
				INFOPLIST_FILE = SphericalHarmonicalMac/Info.plist;
				LD_RUNPATH_SEARCH_PATHS = (
					"$(inherited)",
					"@executable_path/../Frameworks",
				);
				PRODUCT_BUNDLE_IDENTIFIER = voicesync.SphericalHarmonicalMac;
				PRODUCT_NAME = "$(TARGET_NAME)";
				PROVISIONING_PROFILE_SPECIFIER = "";
			};
			name = Release;
		};
/* End XCBuildConfiguration section */

/* Begin XCConfigurationList section */
		4E2F3CD821B3C97200D4BD44 /* Build configuration list for PBXProject "SphericalHarmonicalMac" */ = {
			isa = XCConfigurationList;
			buildConfigurations = (
				4E2F3CEF21B3C97300D4BD44 /* Debug */,
				4E2F3CF021B3C97300D4BD44 /* Release */,
			);
			defaultConfigurationIsVisible = 0;
			defaultConfigurationName = Release;
		};
		4E2F3CF121B3C97300D4BD44 /* Build configuration list for PBXNativeTarget "SphericalHarmonicalMac" */ = {
			isa = XCConfigurationList;
			buildConfigurations = (
				4E2F3CF221B3C97300D4BD44 /* Debug */,
				4E2F3CF321B3C97300D4BD44 /* Release */,
			);
			defaultConfigurationIsVisible = 0;
			defaultConfigurationName = Release;
		};
/* End XCConfigurationList section */
	};
	rootObject = 4E2F3CD521B3C97200D4BD44 /* Project object */;
}
